
Microsoft Visual Studio Solution File, Format Version 12.00
# Visual Studio 15
VisualStudioVersion = 15.0.27703.2018
MinimumVisualStudioVersion = 10.0.40219.1
Project("{8BC9CEB8-8B4A-11D0-8D11-00A0C91BC942}") = "MusicStudioCX", "MusicStudioCX\MusicStudioCX.vcxproj", "{CB53815C-3544-42EC-9FCB-129CF8BACBC3}"
EndProject
Global
	GlobalSection(SolutionConfigurationPlatforms) = preSolution
		Debug|x64 = Debug|x64
		Debug|x86 = Debug|x86
		Release|x64 = Release|x64
		Release|x86 = Release|x86
	EndGlobalSection
	GlobalSection(ProjectConfigurationPlatforms) = postSolution
		{CB53815C-3544-42EC-9FCB-129CF8BACBC3}.Debug|x64.ActiveCfg = Debug|x64
		{CB53815C-3544-42EC-9FCB-129CF8BACBC3}.Debug|x64.Build.0 = Debug|x64
		{CB53815C-3544-42EC-9FCB-129CF8BACBC3}.Debug|x86.ActiveCfg = Debug|Win32
		{CB53815C-3544-42EC-9FCB-129CF8BACBC3}.Debug|x86.Build.0 = Debug|Win32
		{CB53815C-3544-42EC-9FCB-129CF8BACBC3}.Release|x64.ActiveCfg = Release|x64
		{CB53815C-3544-42EC-9FCB-129CF8BACBC3}.Release|x64.Build.0 = Release|x64
		{CB53815C-3544-42EC-9FCB-129CF8BACBC3}.Release|x86.ActiveCfg = Release|Win32
		{CB53815C-3544-42EC-9FCB-129CF8BACBC3}.Release|x86.Build.0 = Release|Win32
	EndGlobalSection
	GlobalSection(SolutionProperties) = preSolution
		HideSolutionNode = FALSE
	EndGlobalSection
	GlobalSection(ExtensibilityGlobals) = postSolution
		SolutionGuid = {518D04D1-4C33-46ED-A9A9-8DA1661A5EEF}
	EndGlobalSection
EndGlobal
